// !$*UTF8*$!
{
	archiveVersion = 1;
	classes = {
	};
	objectVersion = 56;
	objects = {

/* Begin PBXBuildFile section */
		D334B1932A36505200B864B4 /* CardsGameApp.swift in Sources */ = {isa = PBXBuildFile; fileRef = D334B1922A36505200B864B4 /* CardsGameApp.swift */; };
		D334B1952A36505200B864B4 /* ContentView.swift in Sources */ = {isa = PBXBuildFile; fileRef = D334B1942A36505200B864B4 /* ContentView.swift */; };
		D334B1972A36505300B864B4 /* Assets.xcassets in Resources */ = {isa = PBXBuildFile; fileRef = D334B1962A36505300B864B4 /* Assets.xcassets */; };
		D334B19A2A36505300B864B4 /* Preview Assets.xcassets in Resources */ = {isa = PBXBuildFile; fileRef = D334B1992A36505300B864B4 /* Preview Assets.xcassets */; };
		D39969E62A365F5900DD6E1E /* CoreLocation.framework in Frameworks */ = {isa = PBXBuildFile; fileRef = D39969E42A365F1200DD6E1E /* CoreLocation.framework */; };
		D39969EC2A3661D400DD6E1E /* LocationManager.swift in Sources */ = {isa = PBXBuildFile; fileRef = D39969EB2A3661D400DD6E1E /* LocationManager.swift */; };
		D39969EE2A366F4100DD6E1E /* GameView.swift in Sources */ = {isa = PBXBuildFile; fileRef = D39969ED2A366F4100DD6E1E /* GameView.swift */; };
		D39969F42A367FE200DD6E1E /* CardsData.swift in Sources */ = {isa = PBXBuildFile; fileRef = D39969F32A367FE200DD6E1E /* CardsData.swift */; };
		D39969F62A377C0300DD6E1E /* ResultsView.swift in Sources */ = {isa = PBXBuildFile; fileRef = D39969F52A377C0300DD6E1E /* ResultsView.swift */; };
		D39969F92A37A21D00DD6E1E /* CardModel.swift in Sources */ = {isa = PBXBuildFile; fileRef = D39969F82A37A21D00DD6E1E /* CardModel.swift */; };
/* End PBXBuildFile section */

/* Begin PBXFileReference section */
		D334B18F2A36505200B864B4 /* CardsGame.app */ = {isa = PBXFileReference; explicitFileType = wrapper.application; includeInIndex = 0; path = CardsGame.app; sourceTree = BUILT_PRODUCTS_DIR; };
		D334B1922A36505200B864B4 /* CardsGameApp.swift */ = {isa = PBXFileReference; lastKnownFileType = sourcecode.swift; path = CardsGameApp.swift; sourceTree = "<group>"; };
		D334B1942A36505200B864B4 /* ContentView.swift */ = {isa = PBXFileReference; lastKnownFileType = sourcecode.swift; path = ContentView.swift; sourceTree = "<group>"; };
		D334B1962A36505300B864B4 /* Assets.xcassets */ = {isa = PBXFileReference; lastKnownFileType = folder.assetcatalog; path = Assets.xcassets; sourceTree = "<group>"; };
		D334B1992A36505300B864B4 /* Preview Assets.xcassets */ = {isa = PBXFileReference; lastKnownFileType = folder.assetcatalog; path = "Preview Assets.xcassets"; sourceTree = "<group>"; };
		D39969E42A365F1200DD6E1E /* CoreLocation.framework */ = {isa = PBXFileReference; lastKnownFileType = wrapper.framework; name = CoreLocation.framework; path = System/Library/Frameworks/CoreLocation.framework; sourceTree = SDKROOT; };
		D39969E92A365FAC00DD6E1E /* Info.plist */ = {isa = PBXFileReference; lastKnownFileType = text.plist; path = Info.plist; sourceTree = "<group>"; };
		D39969EB2A3661D400DD6E1E /* LocationManager.swift */ = {isa = PBXFileReference; lastKnownFileType = sourcecode.swift; path = LocationManager.swift; sourceTree = "<group>"; };
		D39969ED2A366F4100DD6E1E /* GameView.swift */ = {isa = PBXFileReference; lastKnownFileType = sourcecode.swift; path = GameView.swift; sourceTree = "<group>"; };
		D39969F32A367FE200DD6E1E /* CardsData.swift */ = {isa = PBXFileReference; lastKnownFileType = sourcecode.swift; path = CardsData.swift; sourceTree = "<group>"; };
		D39969F52A377C0300DD6E1E /* ResultsView.swift */ = {isa = PBXFileReference; lastKnownFileType = sourcecode.swift; path = ResultsView.swift; sourceTree = "<group>"; };
		D39969F82A37A21D00DD6E1E /* CardModel.swift */ = {isa = PBXFileReference; lastKnownFileType = sourcecode.swift; path = CardModel.swift; sourceTree = "<group>"; };
/* End PBXFileReference section */

/* Begin PBXFrameworksBuildPhase section */
		D334B18C2A36505200B864B4 /* Frameworks */ = {
			isa = PBXFrameworksBuildPhase;
			buildActionMask = 2147483647;
			files = (
				D39969E62A365F5900DD6E1E /* CoreLocation.framework in Frameworks */,
			);
			runOnlyForDeploymentPostprocessing = 0;
		};
/* End PBXFrameworksBuildPhase section */

/* Begin PBXGroup section */
		D334B1862A36505200B864B4 = {
			isa = PBXGroup;
			children = (
				D334B1912A36505200B864B4 /* CardsGame */,
				D334B1902A36505200B864B4 /* Products */,
				D39969E32A365F1200DD6E1E /* Frameworks */,
			);
			sourceTree = "<group>";
		};
		D334B1902A36505200B864B4 /* Products */ = {
			isa = PBXGroup;
			children = (
				D334B18F2A36505200B864B4 /* CardsGame.app */,
			);
			name = Products;
			sourceTree = "<group>";
		};
		D334B1912A36505200B864B4 /* CardsGame */ = {
			isa = PBXGroup;
			children = (
				D39969F72A37A1FD00DD6E1E /* Model */,
				D39969F22A367FCF00DD6E1E /* Data */,
				D39969EA2A36619600DD6E1E /* Utils */,
				D39969E92A365FAC00DD6E1E /* Info.plist */,
				D334B1A32A365DB200B864B4 /* App */,
				D334B1962A36505300B864B4 /* Assets.xcassets */,
				D334B1982A36505300B864B4 /* Preview Content */,
			);
			path = CardsGame;
			sourceTree = "<group>";
		};
		D334B1982A36505300B864B4 /* Preview Content */ = {
			isa = PBXGroup;
			children = (
				D334B1992A36505300B864B4 /* Preview Assets.xcassets */,
			);
			path = "Preview Content";
			sourceTree = "<group>";
		};
		D334B1A32A365DB200B864B4 /* App */ = {
			isa = PBXGroup;
			children = (
				D334B1922A36505200B864B4 /* CardsGameApp.swift */,
				D334B1942A36505200B864B4 /* ContentView.swift */,
				D39969ED2A366F4100DD6E1E /* GameView.swift */,
				D39969F52A377C0300DD6E1E /* ResultsView.swift */,
			);
			path = App;
			sourceTree = "<group>";
		};
		D39969E32A365F1200DD6E1E /* Frameworks */ = {
			isa = PBXGroup;
			children = (
				D39969E42A365F1200DD6E1E /* CoreLocation.framework */,
			);
			name = Frameworks;
			sourceTree = "<group>";
		};
		D39969EA2A36619600DD6E1E /* Utils */ = {
			isa = PBXGroup;
			children = (
				D39969EB2A3661D400DD6E1E /* LocationManager.swift */,
			);
			path = Utils;
			sourceTree = "<group>";
		};
		D39969F22A367FCF00DD6E1E /* Data */ = {
			isa = PBXGroup;
			children = (
				D39969F32A367FE200DD6E1E /* CardsData.swift */,
			);
			path = Data;
			sourceTree = "<group>";
		};
		D39969F72A37A1FD00DD6E1E /* Model */ = {
			isa = PBXGroup;
			children = (
				D39969F82A37A21D00DD6E1E /* CardModel.swift */,
			);
			path = Model;
			sourceTree = "<group>";
		};
/* End PBXGroup section */

/* Begin PBXNativeTarget section */
		D334B18E2A36505200B864B4 /* CardsGame */ = {
			isa = PBXNativeTarget;
			buildConfigurationList = D334B19D2A36505300B864B4 /* Build configuration list for PBXNativeTarget "CardsGame" */;
			buildPhases = (
				D334B18B2A36505200B864B4 /* Sources */,
				D334B18C2A36505200B864B4 /* Frameworks */,
				D334B18D2A36505200B864B4 /* Resources */,
			);
			buildRules = (
			);
			dependencies = (
			);
			name = CardsGame;
			productName = CardsGame;
			productReference = D334B18F2A36505200B864B4 /* CardsGame.app */;
			productType = "com.apple.product-type.application";
		};
/* End PBXNativeTarget section */

/* Begin PBXProject section */
		D334B1872A36505200B864B4 /* Project object */ = {
			isa = PBXProject;
			attributes = {
				BuildIndependentTargetsInParallel = 1;
				LastSwiftUpdateCheck = 1430;
				LastUpgradeCheck = 1430;
				TargetAttributes = {
					D334B18E2A36505200B864B4 = {
						CreatedOnToolsVersion = 14.3.1;
					};
				};
			};
			buildConfigurationList = D334B18A2A36505200B864B4 /* Build configuration list for PBXProject "CardsGame" */;
			compatibilityVersion = "Xcode 14.0";
			developmentRegion = en;
			hasScannedForEncodings = 0;
			knownRegions = (
				en,
				Base,
			);
			mainGroup = D334B1862A36505200B864B4;
			productRefGroup = D334B1902A36505200B864B4 /* Products */;
			projectDirPath = "";
			projectRoot = "";
			targets = (
				D334B18E2A36505200B864B4 /* CardsGame */,
			);
		};
/* End PBXProject section */

/* Begin PBXResourcesBuildPhase section */
		D334B18D2A36505200B864B4 /* Resources */ = {
			isa = PBXResourcesBuildPhase;
			buildActionMask = 2147483647;
			files = (
				D334B19A2A36505300B864B4 /* Preview Assets.xcassets in Resources */,
				D334B1972A36505300B864B4 /* Assets.xcassets in Resources */,
			);
			runOnlyForDeploymentPostprocessing = 0;
		};
/* End PBXResourcesBuildPhase section */

/* Begin PBXSourcesBuildPhase section */
		D334B18B2A36505200B864B4 /* Sources */ = {
			isa = PBXSourcesBuildPhase;
			buildActionMask = 2147483647;
			files = (
				D334B1952A36505200B864B4 /* ContentView.swift in Sources */,
				D39969F42A367FE200DD6E1E /* CardsData.swift in Sources */,
				D334B1932A36505200B864B4 /* CardsGameApp.swift in Sources */,
				D39969F92A37A21D00DD6E1E /* CardModel.swift in Sources */,
				D39969EE2A366F4100DD6E1E /* GameView.swift in Sources */,
				D39969F62A377C0300DD6E1E /* ResultsView.swift in Sources */,
				D39969EC2A3661D400DD6E1E /* LocationManager.swift in Sources */,
			);
			runOnlyForDeploymentPostprocessing = 0;
		};
/* End PBXSourcesBuildPhase section */

/* Begin XCBuildConfiguration section */
		D334B19B2A36505300B864B4 /* Debug */ = {
			isa = XCBuildConfiguration;
			buildSettings = {
				ALWAYS_SEARCH_USER_PATHS = NO;
				CLANG_ANALYZER_NONNULL = YES;
				CLANG_ANALYZER_NUMBER_OBJECT_CONVERSION = YES_AGGRESSIVE;
				CLANG_CXX_LANGUAGE_STANDARD = "gnu++20";
				CLANG_ENABLE_MODULES = YES;
				CLANG_ENABLE_OBJC_ARC = YES;
				CLANG_ENABLE_OBJC_WEAK = YES;
				CLANG_WARN_BLOCK_CAPTURE_AUTORELEASING = YES;
				CLANG_WARN_BOOL_CONVERSION = YES;
				CLANG_WARN_COMMA = YES;
				CLANG_WARN_CONSTANT_CONVERSION = YES;
				CLANG_WARN_DEPRECATED_OBJC_IMPLEMENTATIONS = YES;
				CLANG_WARN_DIRECT_OBJC_ISA_USAGE = YES_ERROR;
				CLANG_WARN_DOCUMENTATION_COMMENTS = YES;
				CLANG_WARN_EMPTY_BODY = YES;
				CLANG_WARN_ENUM_CONVERSION = YES;
				CLANG_WARN_INFINITE_RECURSION = YES;
				CLANG_WARN_INT_CONVERSION = YES;
				CLANG_WARN_NON_LITERAL_NULL_CONVERSION = YES;
				CLANG_WARN_OBJC_IMPLICIT_RETAIN_SELF = YES;
				CLANG_WARN_OBJC_LITERAL_CONVERSION = YES;
				CLANG_WARN_OBJC_ROOT_CLASS = YES_ERROR;
				CLANG_WARN_QUOTED_INCLUDE_IN_FRAMEWORK_HEADER = YES;
				CLANG_WARN_RANGE_LOOP_ANALYSIS = YES;
				CLANG_WARN_STRICT_PROTOTYPES = YES;
				CLANG_WARN_SUSPICIOUS_MOVE = YES;
				CLANG_WARN_UNGUARDED_AVAILABILITY = YES_AGGRESSIVE;
				CLANG_WARN_UNREACHABLE_CODE = YES;
				CLANG_WARN__DUPLICATE_METHOD_MATCH = YES;
				COPY_PHASE_STRIP = NO;
				DEBUG_INFORMATION_FORMAT = dwarf;
				ENABLE_STRICT_OBJC_MSGSEND = YES;
				ENABLE_TESTABILITY = YES;
				GCC_C_LANGUAGE_STANDARD = gnu11;
				GCC_DYNAMIC_NO_PIC = NO;
				GCC_NO_COMMON_BLOCKS = YES;
				GCC_OPTIMIZATION_LEVEL = 0;
				GCC_PREPROCESSOR_DEFINITIONS = (
					"DEBUG=1",
					"$(inherited)",
				);
				GCC_WARN_64_TO_32_BIT_CONVERSION = YES;
				GCC_WARN_ABOUT_RETURN_TYPE = YES_ERROR;
				GCC_WARN_UNDECLARED_SELECTOR = YES;
				GCC_WARN_UNINITIALIZED_AUTOS = YES_AGGRESSIVE;
				GCC_WARN_UNUSED_FUNCTION = YES;
				GCC_WARN_UNUSED_VARIABLE = YES;
				IPHONEOS_DEPLOYMENT_TARGET = 16.4;
				MTL_ENABLE_DEBUG_INFO = INCLUDE_SOURCE;
				MTL_FAST_MATH = YES;
				ONLY_ACTIVE_ARCH = YES;
				SDKROOT = iphoneos;
				SWIFT_ACTIVE_COMPILATION_CONDITIONS = DEBUG;
				SWIFT_OPTIMIZATION_LEVEL = "-Onone";
			};
			name = Debug;
		};
		D334B19C2A36505300B864B4 /* Release */ = {
			isa = XCBuildConfiguration;
			buildSettings = {
				ALWAYS_SEARCH_USER_PATHS = NO;
				CLANG_ANALYZER_NONNULL = YES;
				CLANG_ANALYZER_NUMBER_OBJECT_CONVERSION = YES_AGGRESSIVE;
				CLANG_CXX_LANGUAGE_STANDARD = "gnu++20";
				CLANG_ENABLE_MODULES = YES;
				CLANG_ENABLE_OBJC_ARC = YES;
				CLANG_ENABLE_OBJC_WEAK = YES;
				CLANG_WARN_BLOCK_CAPTURE_AUTORELEASING = YES;
				CLANG_WARN_BOOL_CONVERSION = YES;
				CLANG_WARN_COMMA = YES;
				CLANG_WARN_CONSTANT_CONVERSION = YES;
				CLANG_WARN_DEPRECATED_OBJC_IMPLEMENTATIONS = YES;
				CLANG_WARN_DIRECT_OBJC_ISA_USAGE = YES_ERROR;
				CLANG_WARN_DOCUMENTATION_COMMENTS = YES;
				CLANG_WARN_EMPTY_BODY = YES;
				CLANG_WARN_ENUM_CONVERSION = YES;
				CLANG_WARN_INFINITE_RECURSION = YES;
				CLANG_WARN_INT_CONVERSION = YES;
				CLANG_WARN_NON_LITERAL_NULL_CONVERSION = YES;
				CLANG_WARN_OBJC_IMPLICIT_RETAIN_SELF = YES;
				CLANG_WARN_OBJC_LITERAL_CONVERSION = YES;
				CLANG_WARN_OBJC_ROOT_CLASS = YES_ERROR;
				CLANG_WARN_QUOTED_INCLUDE_IN_FRAMEWORK_HEADER = YES;
				CLANG_WARN_RANGE_LOOP_ANALYSIS = YES;
				CLANG_WARN_STRICT_PROTOTYPES = YES;
				CLANG_WARN_SUSPICIOUS_MOVE = YES;
				CLANG_WARN_UNGUARDED_AVAILABILITY = YES_AGGRESSIVE;
				CLANG_WARN_UNREACHABLE_CODE = YES;
				CLANG_WARN__DUPLICATE_METHOD_MATCH = YES;
				COPY_PHASE_STRIP = NO;
				DEBUG_INFORMATION_FORMAT = "dwarf-with-dsym";
				ENABLE_NS_ASSERTIONS = NO;
				ENABLE_STRICT_OBJC_MSGSEND = YES;
				GCC_C_LANGUAGE_STANDARD = gnu11;
				GCC_NO_COMMON_BLOCKS = YES;
				GCC_WARN_64_TO_32_BIT_CONVERSION = YES;
				GCC_WARN_ABOUT_RETURN_TYPE = YES_ERROR;
				GCC_WARN_UNDECLARED_SELECTOR = YES;
				GCC_WARN_UNINITIALIZED_AUTOS = YES_AGGRESSIVE;
				GCC_WARN_UNUSED_FUNCTION = YES;
				GCC_WARN_UNUSED_VARIABLE = YES;
				IPHONEOS_DEPLOYMENT_TARGET = 16.4;
				MTL_ENABLE_DEBUG_INFO = NO;
				MTL_FAST_MATH = YES;
				SDKROOT = iphoneos;
				SWIFT_COMPILATION_MODE = wholemodule;
				SWIFT_OPTIMIZATION_LEVEL = "-O";
				VALIDATE_PRODUCT = YES;
			};
			name = Release;
		};
		D334B19E2A36505300B864B4 /* Debug */ = {
			isa = XCBuildConfiguration;
			buildSettings = {
				ASSETCATALOG_COMPILER_APPICON_NAME = AppIcon;
				ASSETCATALOG_COMPILER_GLOBAL_ACCENT_COLOR_NAME = AccentColor;
				CODE_SIGN_STYLE = Automatic;
				CURRENT_PROJECT_VERSION = 1;
				DEVELOPMENT_ASSET_PATHS = "\"CardsGame/Preview Content\"";
				DEVELOPMENT_TEAM = "";
				ENABLE_PREVIEWS = YES;
				GENERATE_INFOPLIST_FILE = YES;
				INFOPLIST_FILE = CardsGame/Info.plist;
				INFOPLIST_KEY_NSLocationAlwaysAndWhenInUseUsageDescription = "I need your location to start play the game";
				INFOPLIST_KEY_NSLocationAlwaysUsageDescription = "I need your location to start play the game";
				INFOPLIST_KEY_NSLocationWhenInUseUsageDescription = "";
				INFOPLIST_KEY_UIApplicationSceneManifest_Generation = YES;
				INFOPLIST_KEY_UIApplicationSupportsIndirectInputEvents = YES;
				INFOPLIST_KEY_UILaunchScreen_Generation = YES;
				INFOPLIST_KEY_UISupportedInterfaceOrientations = "UIInterfaceOrientationLandscapeLeft UIInterfaceOrientationLandscapeRight";
				LD_RUNPATH_SEARCH_PATHS = (
					"$(inherited)",
					"@executable_path/Frameworks",
				);
				MARKETING_VERSION = 1.0;
				PRODUCT_BUNDLE_IDENTIFIER = com.CardsGame;
				PRODUCT_NAME = "$(TARGET_NAME)";
				SUPPORTED_PLATFORMS = "iphoneos iphonesimulator";
				SUPPORTS_MACCATALYST = NO;
				SUPPORTS_MAC_DESIGNED_FOR_IPHONE_IPAD = NO;
				SWIFT_EMIT_LOC_STRINGS = YES;
				SWIFT_VERSION = 5.0;
				TARGETED_DEVICE_FAMILY = "1,2";
			};
			name = Debug;
		};
		D334B19F2A36505300B864B4 /* Release */ = {
			isa = XCBuildConfiguration;
			buildSettings = {
				ASSETCATALOG_COMPILER_APPICON_NAME = AppIcon;
				ASSETCATALOG_COMPILER_GLOBAL_ACCENT_COLOR_NAME = AccentColor;
				CODE_SIGN_STYLE = Automatic;
				CURRENT_PROJECT_VERSION = 1;
				DEVELOPMENT_ASSET_PATHS = "\"CardsGame/Preview Content\"";
				DEVELOPMENT_TEAM = "";
				ENABLE_PREVIEWS = YES;
				GENERATE_INFOPLIST_FILE = YES;
				INFOPLIST_FILE = CardsGame/Info.plist;
				INFOPLIST_KEY_NSLocationAlwaysAndWhenInUseUsageDescription = "I need your location to start play the game";
				INFOPLIST_KEY_NSLocationAlwaysUsageDescription = "I need your location to start play the game";
				INFOPLIST_KEY_NSLocationWhenInUseUsageDescription = "";
				INFOPLIST_KEY_UIApplicationSceneManifest_Generation = YES;
				INFOPLIST_KEY_UIApplicationSupportsIndirectInputEvents = YES;
				INFOPLIST_KEY_UILaunchScreen_Generation = YES;
				INFOPLIST_KEY_UISupportedInterfaceOrientations = "UIInterfaceOrientationLandscapeLeft UIInterfaceOrientationLandscapeRight";
				LD_RUNPATH_SEARCH_PATHS = (
					"$(inherited)",
					"@executable_path/Frameworks",
				);
				MARKETING_VERSION = 1.0;
				PRODUCT_BUNDLE_IDENTIFIER = com.CardsGame;
				PRODUCT_NAME = "$(TARGET_NAME)";
				SUPPORTED_PLATFORMS = "iphoneos iphonesimulator";
				SUPPORTS_MACCATALYST = NO;
				SUPPORTS_MAC_DESIGNED_FOR_IPHONE_IPAD = NO;
				SWIFT_EMIT_LOC_STRINGS = YES;
				SWIFT_VERSION = 5.0;
				TARGETED_DEVICE_FAMILY = "1,2";
			};
			name = Release;
		};
/* End XCBuildConfiguration section */

/* Begin XCConfigurationList section */
		D334B18A2A36505200B864B4 /* Build configuration list for PBXProject "CardsGame" */ = {
			isa = XCConfigurationList;
			buildConfigurations = (
				D334B19B2A36505300B864B4 /* Debug */,
				D334B19C2A36505300B864B4 /* Release */,
			);
			defaultConfigurationIsVisible = 0;
			defaultConfigurationName = Release;
		};
		D334B19D2A36505300B864B4 /* Build configuration list for PBXNativeTarget "CardsGame" */ = {
			isa = XCConfigurationList;
			buildConfigurations = (
				D334B19E2A36505300B864B4 /* Debug */,
				D334B19F2A36505300B864B4 /* Release */,
			);
			defaultConfigurationIsVisible = 0;
			defaultConfigurationName = Release;
		};
/* End XCConfigurationList section */
	};
	rootObject = D334B1872A36505200B864B4 /* Project object */;
}
